// !$*UTF8*$!
{
	archiveVersion = 1;
	classes = {
	};
	objectVersion = 46;
	objects = {

/* Begin PBXBuildFile section */
		EEF610531D6181F900EA260B /* main.m in Sources */ = {isa = PBXBuildFile; fileRef = EEF610521D6181F900EA260B /* main.m */; };
		EEF610561D6181F900EA260B /* AppDelegate.m in Sources */ = {isa = PBXBuildFile; fileRef = EEF610551D6181F900EA260B /* AppDelegate.m */; };
		EEF610591D6181F900EA260B /* ViewController.m in Sources */ = {isa = PBXBuildFile; fileRef = EEF610581D6181F900EA260B /* ViewController.m */; };
		EEF6105C1D6181F900EA260B /* Main.storyboard in Resources */ = {isa = PBXBuildFile; fileRef = EEF6105A1D6181F900EA260B /* Main.storyboard */; };
		EEF6105E1D6181F900EA260B /* Assets.xcassets in Resources */ = {isa = PBXBuildFile; fileRef = EEF6105D1D6181F900EA260B /* Assets.xcassets */; };
		EEF610611D6181F900EA260B /* LaunchScreen.storyboard in Resources */ = {isa = PBXBuildFile; fileRef = EEF6105F1D6181F900EA260B /* LaunchScreen.storyboard */; };
/* End PBXBuildFile section */

/* Begin PBXFileReference section */
		EEF6104E1D6181F900EA260B /* textOnImage.app */ = {isa = PBXFileReference; explicitFileType = wrapper.application; includeInIndex = 0; path = textOnImage.app; sourceTree = BUILT_PRODUCTS_DIR; };
		EEF610521D6181F900EA260B /* main.m */ = {isa = PBXFileReference; lastKnownFileType = sourcecode.c.objc; path = main.m; sourceTree = "<group>"; };
		EEF610541D6181F900EA260B /* AppDelegate.h */ = {isa = PBXFileReference; lastKnownFileType = sourcecode.c.h; path = AppDelegate.h; sourceTree = "<group>"; };
		EEF610551D6181F900EA260B /* AppDelegate.m */ = {isa = PBXFileReference; lastKnownFileType = sourcecode.c.objc; path = AppDelegate.m; sourceTree = "<group>"; };
		EEF610571D6181F900EA260B /* ViewController.h */ = {isa = PBXFileReference; lastKnownFileType = sourcecode.c.h; path = ViewController.h; sourceTree = "<group>"; };
		EEF610581D6181F900EA260B /* ViewController.m */ = {isa = PBXFileReference; lastKnownFileType = sourcecode.c.objc; path = ViewController.m; sourceTree = "<group>"; };
		EEF6105B1D6181F900EA260B /* Base */ = {isa = PBXFileReference; lastKnownFileType = file.storyboard; name = Base; path = Base.lproj/Main.storyboard; sourceTree = "<group>"; };
		EEF6105D1D6181F900EA260B /* Assets.xcassets */ = {isa = PBXFileReference; lastKnownFileType = folder.assetcatalog; path = Assets.xcassets; sourceTree = "<group>"; };
		EEF610601D6181F900EA260B /* Base */ = {isa = PBXFileReference; lastKnownFileType = file.storyboard; name = Base; path = Base.lproj/LaunchScreen.storyboard; sourceTree = "<group>"; };
		EEF610621D6181F900EA260B /* Info.plist */ = {isa = PBXFileReference; lastKnownFileType = text.plist.xml; path = Info.plist; sourceTree = "<group>"; };
/* End PBXFileReference section */

/* Begin PBXFrameworksBuildPhase section */
		EEF6104B1D6181F800EA260B /* Frameworks */ = {
			isa = PBXFrameworksBuildPhase;
			buildActionMask = 2147483647;
			files = (
			);
			runOnlyForDeploymentPostprocessing = 0;
		};
/* End PBXFrameworksBuildPhase section */

/* Begin PBXGroup section */
		EEF610451D6181F800EA260B = {
			isa = PBXGroup;
			children = (
				EEF610501D6181F900EA260B /* textOnImage */,
				EEF6104F1D6181F900EA260B /* Products */,
			);
			sourceTree = "<group>";
		};
		EEF6104F1D6181F900EA260B /* Products */ = {
			isa = PBXGroup;
			children = (
				EEF6104E1D6181F900EA260B /* textOnImage.app */,
			);
			name = Products;
			sourceTree = "<group>";
		};
		EEF610501D6181F900EA260B /* textOnImage */ = {
			isa = PBXGroup;
			children = (
				EEF610541D6181F900EA260B /* AppDelegate.h */,
				EEF610551D6181F900EA260B /* AppDelegate.m */,
				EEF610571D6181F900EA260B /* ViewController.h */,
				EEF610581D6181F900EA260B /* ViewController.m */,
				EEF6105A1D6181F900EA260B /* Main.storyboard */,
				EEF6105D1D6181F900EA260B /* Assets.xcassets */,
				EEF6105F1D6181F900EA260B /* LaunchScreen.storyboard */,
				EEF610621D6181F900EA260B /* Info.plist */,
				EEF610511D6181F900EA260B /* Supporting Files */,
			);
			path = textOnImage;
			sourceTree = "<group>";
		};
		EEF610511D6181F900EA260B /* Supporting Files */ = {
			isa = PBXGroup;
			children = (
				EEF610521D6181F900EA260B /* main.m */,
			);
			name = "Supporting Files";
			sourceTree = "<group>";
		};
/* End PBXGroup section */

/* Begin PBXNativeTarget section */
		EEF6104D1D6181F800EA260B /* textOnImage */ = {
			isa = PBXNativeTarget;
			buildConfigurationList = EEF610651D6181F900EA260B /* Build configuration list for PBXNativeTarget "textOnImage" */;
			buildPhases = (
				EEF6104A1D6181F800EA260B /* Sources */,
				EEF6104B1D6181F800EA260B /* Frameworks */,
				EEF6104C1D6181F800EA260B /* Resources */,
			);
			buildRules = (
			);
			dependencies = (
			);
			name = textOnImage;
			productName = textOnImage;
			productReference = EEF6104E1D6181F900EA260B /* textOnImage.app */;
			productType = "com.apple.product-type.application";
		};
/* End PBXNativeTarget section */

/* Begin PBXProject section */
		EEF610461D6181F800EA260B /* Project object */ = {
			isa = PBXProject;
			attributes = {
				LastUpgradeCheck = 0720;
				ORGANIZATIONNAME = "Shobhit Mehrotra";
				TargetAttributes = {
					EEF6104D1D6181F800EA260B = {
						CreatedOnToolsVersion = 7.2;
					};
				};
			};
			buildConfigurationList = EEF610491D6181F800EA260B /* Build configuration list for PBXProject "textOnImage" */;
			compatibilityVersion = "Xcode 3.2";
			developmentRegion = English;
			hasScannedForEncodings = 0;
			knownRegions = (
				en,
				Base,
			);
			mainGroup = EEF610451D6181F800EA260B;
			productRefGroup = EEF6104F1D6181F900EA260B /* Products */;
			projectDirPath = "";
			projectRoot = "";
			targets = (
				EEF6104D1D6181F800EA260B /* textOnImage */,
			);
		};
/* End PBXProject section */

/* Begin PBXResourcesBuildPhase section */
		EEF6104C1D6181F800EA260B /* Resources */ = {
			isa = PBXResourcesBuildPhase;
			buildActionMask = 2147483647;
			files = (
				EEF610611D6181F900EA260B /* LaunchScreen.storyboard in Resources */,
				EEF6105E1D6181F900EA260B /* Assets.xcassets in Resources */,
				EEF6105C1D6181F900EA260B /* Main.storyboard in Resources */,
			);
			runOnlyForDeploymentPostprocessing = 0;
		};
/* End PBXResourcesBuildPhase section */

/* Begin PBXSourcesBuildPhase section */
		EEF6104A1D6181F800EA260B /* Sources */ = {
			isa = PBXSourcesBuildPhase;
			buildActionMask = 2147483647;
			files = (
				EEF610591D6181F900EA260B /* ViewController.m in Sources */,
				EEF610561D6181F900EA260B /* AppDelegate.m in Sources */,
				EEF610531D6181F900EA260B /* main.m in Sources */,
			);
			runOnlyForDeploymentPostprocessing = 0;
		};
/* End PBXSourcesBuildPhase section */

/* Begin PBXVariantGroup section */
		EEF6105A1D6181F900EA260B /* Main.storyboard */ = {
			isa = PBXVariantGroup;
			children = (
				EEF6105B1D6181F900EA260B /* Base */,
			);
			name = Main.storyboard;
			sourceTree = "<group>";
		};
		EEF6105F1D6181F900EA260B /* LaunchScreen.storyboard */ = {
			isa = PBXVariantGroup;
			children = (
				EEF610601D6181F900EA260B /* Base */,
			);
			name = LaunchScreen.storyboard;
			sourceTree = "<group>";
		};
/* End PBXVariantGroup section */

/* Begin XCBuildConfiguration section */
		EEF610631D6181F900EA260B /* Debug */ = {
			isa = XCBuildConfiguration;
			buildSettings = {
				ALWAYS_SEARCH_USER_PATHS = NO;
				CLANG_CXX_LANGUAGE_STANDARD = "gnu++0x";
				CLANG_CXX_LIBRARY = "libc++";
				CLANG_ENABLE_MODULES = YES;
				CLANG_ENABLE_OBJC_ARC = YES;
				CLANG_WARN_BOOL_CONVERSION = YES;
				CLANG_WARN_CONSTANT_CONVERSION = YES;
				CLANG_WARN_DIRECT_OBJC_ISA_USAGE = YES_ERROR;
				CLANG_WARN_EMPTY_BODY = YES;
				CLANG_WARN_ENUM_CONVERSION = YES;
				CLANG_WARN_INT_CONVERSION = YES;
				CLANG_WARN_OBJC_ROOT_CLASS = YES_ERROR;
				CLANG_WARN_UNREACHABLE_CODE = YES;
				CLANG_WARN__DUPLICATE_METHOD_MATCH = YES;
				"CODE_SIGN_IDENTITY[sdk=iphoneos*]" = "iPhone Developer";
				COPY_PHASE_STRIP = NO;
				DEBUG_INFORMATION_FORMAT = dwarf;
				ENABLE_STRICT_OBJC_MSGSEND = YES;
				ENABLE_TESTABILITY = YES;
				GCC_C_LANGUAGE_STANDARD = gnu99;
				GCC_DYNAMIC_NO_PIC = NO;
				GCC_NO_COMMON_BLOCKS = YES;
				GCC_OPTIMIZATION_LEVEL = 0;
				GCC_PREPROCESSOR_DEFINITIONS = (
					"DEBUG=1",
					"$(inherited)",
				);
				GCC_WARN_64_TO_32_BIT_CONVERSION = YES;
				GCC_WARN_ABOUT_RETURN_TYPE = YES_ERROR;
				GCC_WARN_UNDECLARED_SELECTOR = YES;
				GCC_WARN_UNINITIALIZED_AUTOS = YES_AGGRESSIVE;
				GCC_WARN_UNUSED_FUNCTION = YES;
				GCC_WARN_UNUSED_VARIABLE = YES;
				IPHONEOS_DEPLOYMENT_TARGET = 9.2;
				MTL_ENABLE_DEBUG_INFO = YES;
				ONLY_ACTIVE_ARCH = YES;
				SDKROOT = iphoneos;
				TARGETED_DEVICE_FAMILY = "1,2";
			};
			name = Debug;
		};
		EEF610641D6181F900EA260B /* Release */ = {
			isa = XCBuildConfiguration;
			buildSettings = {
				ALWAYS_SEARCH_USER_PATHS = NO;
				CLANG_CXX_LANGUAGE_STANDARD = "gnu++0x";
				CLANG_CXX_LIBRARY = "libc++";
				CLANG_ENABLE_MODULES = YES;
				CLANG_ENABLE_OBJC_ARC = YES;
				CLANG_WARN_BOOL_CONVERSION = YES;
				CLANG_WARN_CONSTANT_CONVERSION = YES;
				CLANG_WARN_DIRECT_OBJC_ISA_USAGE = YES_ERROR;
				CLANG_WARN_EMPTY_BODY = YES;
				CLANG_WARN_ENUM_CONVERSION = YES;
				CLANG_WARN_INT_CONVERSION = YES;
				CLANG_WARN_OBJC_ROOT_CLASS = YES_ERROR;
				CLANG_WARN_UNREACHABLE_CODE = YES;
				CLANG_WARN__DUPLICATE_METHOD_MATCH = YES;
				"CODE_SIGN_IDENTITY[sdk=iphoneos*]" = "iPhone Developer";
				COPY_PHASE_STRIP = NO;
				DEBUG_INFORMATION_FORMAT = "dwarf-with-dsym";
				ENABLE_NS_ASSERTIONS = NO;
				ENABLE_STRICT_OBJC_MSGSEND = YES;
				GCC_C_LANGUAGE_STANDARD = gnu99;
				GCC_NO_COMMON_BLOCKS = YES;
				GCC_WARN_64_TO_32_BIT_CONVERSION = YES;
				GCC_WARN_ABOUT_RETURN_TYPE = YES_ERROR;
				GCC_WARN_UNDECLARED_SELECTOR = YES;
				GCC_WARN_UNINITIALIZED_AUTOS = YES_AGGRESSIVE;
				GCC_WARN_UNUSED_FUNCTION = YES;
				GCC_WARN_UNUSED_VARIABLE = YES;
				IPHONEOS_DEPLOYMENT_TARGET = 9.2;
				MTL_ENABLE_DEBUG_INFO = NO;
				SDKROOT = iphoneos;
				TARGETED_DEVICE_FAMILY = "1,2";
				VALIDATE_PRODUCT = YES;
			};
			name = Release;
		};
		EEF610661D6181F900EA260B /* Debug */ = {
			isa = XCBuildConfiguration;
			buildSettings = {
				ASSETCATALOG_COMPILER_APPICON_NAME = AppIcon;
				INFOPLIST_FILE = textOnImage/Info.plist;
				LD_RUNPATH_SEARCH_PATHS = "$(inherited) @executable_path/Frameworks";
				PRODUCT_BUNDLE_IDENTIFIER = Shobhit.textOnImage;
				PRODUCT_NAME = "$(TARGET_NAME)";
			};
			name = Debug;
		};
		EEF610671D6181F900EA260B /* Release */ = {
			isa = XCBuildConfiguration;
			buildSettings = {
				ASSETCATALOG_COMPILER_APPICON_NAME = AppIcon;
				INFOPLIST_FILE = textOnImage/Info.plist;
				LD_RUNPATH_SEARCH_PATHS = "$(inherited) @executable_path/Frameworks";
				PRODUCT_BUNDLE_IDENTIFIER = Shobhit.textOnImage;
				PRODUCT_NAME = "$(TARGET_NAME)";
			};
			name = Release;
		};
/* End XCBuildConfiguration section */

/* Begin XCConfigurationList section */
		EEF610491D6181F800EA260B /* Build configuration list for PBXProject "textOnImage" */ = {
			isa = XCConfigurationList;
			buildConfigurations = (
				EEF610631D6181F900EA260B /* Debug */,
				EEF610641D6181F900EA260B /* Release */,
			);
			defaultConfigurationIsVisible = 0;
			defaultConfigurationName = Release;
		};
		EEF610651D6181F900EA260B /* Build configuration list for PBXNativeTarget "textOnImage" */ = {
			isa = XCConfigurationList;
			buildConfigurations = (
				EEF610661D6181F900EA260B /* Debug */,
				EEF610671D6181F900EA260B /* Release */,
			);
			defaultConfigurationIsVisible = 0;
		};
/* End XCConfigurationList section */
	};
	rootObject = EEF610461D6181F800EA260B /* Project object */;
}
